[[package]]
name = "absl-py"
version = "0.11.0"
description = "Abseil Python Common Libraries, see https://github.com/abseil/abseil-py."
category = "main"
optional = false
python-versions = "*"

[package.dependencies]
six = "*"

[[package]]
name = "atomicwrites"
version = "1.4.0"
description = "Atomic file writes."
category = "dev"
optional = false
python-versions = ">=2.7, !=3.0.*, !=3.1.*, !=3.2.*, !=3.3.*"

[[package]]
name = "attrs"
version = "20.3.0"
description = "Classes Without Boilerplate"
category = "dev"
optional = false
python-versions = ">=2.7, !=3.0.*, !=3.1.*, !=3.2.*, !=3.3.*"

[package.extras]
dev = ["coverage[toml] (>=5.0.2)", "hypothesis", "pympler", "pytest (>=4.3.0)", "six", "zope.interface", "furo", "sphinx", "pre-commit"]
docs = ["furo", "sphinx", "zope.interface"]
tests = ["coverage[toml] (>=5.0.2)", "hypothesis", "pympler", "pytest (>=4.3.0)", "six", "zope.interface"]
tests_no_zope = ["coverage[toml] (>=5.0.2)", "hypothesis", "pympler", "pytest (>=4.3.0)", "six"]

[[package]]
name = "chex"
version = "0.0.2"
description = "Chex: Testing made fun, in JAX!"
category = "main"
optional = false
python-versions = ">=3.6"

[package.dependencies]
absl-py = ">=0.9.0"
jax = ">=0.1.55"
jaxlib = ">=0.1.37"
numpy = ">=1.18.0"
toolz = ">=0.9.0"

[[package]]
name = "colorama"
version = "0.4.4"
description = "Cross-platform colored terminal text."
category = "main"
optional = false
python-versions = ">=2.7, !=3.0.*, !=3.1.*, !=3.2.*, !=3.3.*, !=3.4.*"

[[package]]
name = "colorful"
version = "0.5.4"
description = "Terminal string styling done right, in Python."
category = "main"
optional = false
python-versions = "*"

[package.dependencies]
colorama = {version = "*", markers = "platform_system == \"Windows\""}

[[package]]
name = "cycler"
version = "0.10.0"
description = "Composable style cycles"
category = "main"
optional = false
python-versions = "*"

[package.dependencies]
six = "*"

[[package]]
name = "decorator"
version = "4.4.2"
description = "Decorators for Humans"
category = "main"
optional = false
python-versions = ">=2.6, !=3.0.*, !=3.1.*"

[[package]]
name = "flatbuffers"
version = "1.12"
description = "The FlatBuffers serialization format for Python"
category = "main"
optional = false
python-versions = "*"

[[package]]
name = "iniconfig"
version = "1.1.1"
description = "iniconfig: brain-dead simple config-ini parsing"
category = "dev"
optional = false
python-versions = "*"

[[package]]
name = "ipromise"
version = "1.9"
description = "A Python base class that provides various decorators for specifying promises relating to inheritance."
category = "main"
optional = false
python-versions = ">=3.6,<4.0"

[[package]]
name = "jax"
version = "0.2.7"
description = "Differentiate, compile, and transform Numpy code."
category = "main"
optional = false
python-versions = ">=3.6"

[package.dependencies]
absl-py = "*"
numpy = ">=1.12"
opt_einsum = "*"

[[package]]
name = "jaxlib"
version = "0.1.57"
description = "XLA library for JAX"
category = "main"
optional = false
python-versions = ">=3.6"

[package.dependencies]
absl-py = "*"
flatbuffers = "*"
numpy = ">=1.12"
scipy = "*"

[[package]]
name = "kiwisolver"
version = "1.3.1"
description = "A fast implementation of the Cassowary constraint solver"
category = "main"
optional = false
python-versions = ">=3.6"

[[package]]
name = "matplotlib"
version = "3.3.3"
description = "Python plotting package"
category = "main"
optional = false
python-versions = ">=3.6"

[package.dependencies]
cycler = ">=0.10"
kiwisolver = ">=1.0.1"
numpy = ">=1.15"
pillow = ">=6.2.0"
pyparsing = ">=2.0.3,<2.0.4 || >2.0.4,<2.1.2 || >2.1.2,<2.1.6 || >2.1.6"
python-dateutil = ">=2.1"

[[package]]
name = "networkx"
version = "2.5"
description = "Python package for creating and manipulating graphs and networks"
category = "main"
optional = false
python-versions = ">=3.6"

[package.dependencies]
decorator = ">=4.3.0"

[package.extras]
all = ["numpy", "scipy", "pandas", "matplotlib", "pygraphviz", "pydot", "pyyaml", "lxml", "pytest"]
gdal = ["gdal"]
lxml = ["lxml"]
matplotlib = ["matplotlib"]
numpy = ["numpy"]
pandas = ["pandas"]
pydot = ["pydot"]
pygraphviz = ["pygraphviz"]
pytest = ["pytest"]
pyyaml = ["pyyaml"]
scipy = ["scipy"]

[[package]]
name = "numpy"
version = "1.19.4"
description = "NumPy is the fundamental package for array computing with Python."
category = "main"
optional = false
python-versions = ">=3.6"

[[package]]
name = "opt-einsum"
version = "3.3.0"
description = "Optimizing numpys einsum function"
category = "main"
optional = false
python-versions = ">=3.5"

[package.dependencies]
numpy = ">=1.7"

[package.extras]
docs = ["sphinx (==1.2.3)", "sphinxcontrib-napoleon", "sphinx-rtd-theme", "numpydoc"]
tests = ["pytest", "pytest-cov", "pytest-pep8"]

[[package]]
name = "optax"
version = "0.0.1"
description = "A gradient processing and optimisation library in JAX."
category = "main"
optional = false
python-versions = "*"

[package.dependencies]
absl-py = ">=0.7.1"
chex = ">=0.0.2"
jax = ">=0.1.55"
jaxlib = ">=0.1.37"
numpy = ">=1.18.0"

[[package]]
name = "packaging"
version = "20.8"
description = "Core utilities for Python packages"
category = "dev"
optional = false
python-versions = ">=2.7, !=3.0.*, !=3.1.*, !=3.2.*, !=3.3.*"

[package.dependencies]
pyparsing = ">=2.0.2"

[[package]]
name = "pillow"
version = "8.0.1"
description = "Python Imaging Library (Fork)"
category = "main"
optional = false
python-versions = ">=3.6"

[[package]]
name = "pluggy"
version = "0.13.1"
description = "plugin and hook calling mechanisms for python"
category = "dev"
optional = false
python-versions = ">=2.7, !=3.0.*, !=3.1.*, !=3.2.*, !=3.3.*"

[package.extras]
dev = ["pre-commit", "tox"]

[[package]]
name = "py"
version = "1.10.0"
description = "library with cross-python path, ini-parsing, io, code, log facilities"
category = "dev"
optional = false
python-versions = ">=2.7, !=3.0.*, !=3.1.*, !=3.2.*, !=3.3.*"

[[package]]
name = "pyparsing"
version = "2.4.7"
description = "Python parsing module"
category = "main"
optional = false
python-versions = ">=2.6, !=3.0.*, !=3.1.*, !=3.2.*"

[[package]]
name = "pytest"
version = "6.2.1"
description = "pytest: simple powerful testing with Python"
category = "dev"
optional = false
python-versions = ">=3.6"

[package.dependencies]
atomicwrites = {version = ">=1.0", markers = "sys_platform == \"win32\""}
attrs = ">=19.2.0"
colorama = {version = "*", markers = "sys_platform == \"win32\""}
iniconfig = "*"
packaging = "*"
pluggy = ">=0.12,<1.0.0a1"
py = ">=1.8.2"
toml = "*"

[package.extras]
testing = ["argcomplete", "hypothesis (>=3.56)", "mock", "nose", "requests", "xmlschema"]

[[package]]
name = "python-dateutil"
version = "2.8.1"
description = "Extensions to the standard Python datetime module"
category = "main"
optional = false
python-versions = "!=3.0.*,!=3.1.*,!=3.2.*,>=2.7"

[package.dependencies]
six = ">=1.5"

[[package]]
name = "scipy"
version = "1.5.4"
description = "SciPy: Scientific Library for Python"
category = "main"
optional = false
python-versions = ">=3.6"

[package.dependencies]
numpy = ">=1.14.5"

[[package]]
name = "six"
version = "1.15.0"
description = "Python 2 and 3 compatibility utilities"
category = "main"
optional = false
python-versions = ">=2.7, !=3.0.*, !=3.1.*, !=3.2.*"

[[package]]
name = "tjax"
version = "0.7.3"
description = "Tools for JAX."
category = "main"
optional = false
python-versions = ">=3.7,<4.0"

[package.dependencies]
chex = ">=0.0.2,<0.0.3"
colorful = ">=0.5.4,<0.6.0"
jax = ">=0.2,<0.3"
jaxlib = ">=0.1.55,<0.2.0"
matplotlib = ">=3.3,<4.0"
networkx = ">=2.4,<3.0"
numpy = ">=1.19,<2.0"
optax = ">=0,<1"

[[package]]
name = "toml"
version = "0.10.2"
description = "Python Library for Tom's Obvious, Minimal Language"
category = "dev"
optional = false
python-versions = ">=2.6, !=3.0.*, !=3.1.*, !=3.2.*"

[[package]]
name = "toolz"
version = "0.11.1"
description = "List processing tools and functional utilities"
category = "main"
optional = false
python-versions = ">=3.5"

[metadata]
lock-version = "1.1"
python-versions = "^3.8"
content-hash = "fa0386eb3832ff7a950848aec93277cf6e7142b671b0a8658d3d8327fdc2b215"

[metadata.files]
absl-py = [
    {file = "absl-py-0.11.0.tar.gz", hash = "sha256:673cccb88d810e5627d0c1c818158485d106f65a583880e2f730c997399bcfa7"},
    {file = "absl_py-0.11.0-py3-none-any.whl", hash = "sha256:b3d9eb5119ff6e0a0125f6dabf2f9fae02f8acae7be70576002fac27235611c5"},
]
atomicwrites = [
    {file = "atomicwrites-1.4.0-py2.py3-none-any.whl", hash = "sha256:6d1784dea7c0c8d4a5172b6c620f40b6e4cbfdf96d783691f2e1302a7b88e197"},
    {file = "atomicwrites-1.4.0.tar.gz", hash = "sha256:ae70396ad1a434f9c7046fd2dd196fc04b12f9e91ffb859164193be8b6168a7a"},
]
attrs = [
    {file = "attrs-20.3.0-py2.py3-none-any.whl", hash = "sha256:31b2eced602aa8423c2aea9c76a724617ed67cf9513173fd3a4f03e3a929c7e6"},
    {file = "attrs-20.3.0.tar.gz", hash = "sha256:832aa3cde19744e49938b91fea06d69ecb9e649c93ba974535d08ad92164f700"},
]
chex = [
    {file = "chex-0.0.2-py3-none-any.whl", hash = "sha256:030e52437babe16c228712a27070bde27b3e04c14af7d566cf49210ab5e1572e"},
    {file = "chex-0.0.2.tar.gz", hash = "sha256:9dcf29880740985c30e9248127b0acb7bdc76f915afdd555ebd0f9c1322a2778"},
]
colorama = [
    {file = "colorama-0.4.4-py2.py3-none-any.whl", hash = "sha256:9f47eda37229f68eee03b24b9748937c7dc3868f906e8ba69fbcbdd3bc5dc3e2"},
    {file = "colorama-0.4.4.tar.gz", hash = "sha256:5941b2b48a20143d2267e95b1c2a7603ce057ee39fd88e7329b0c292aa16869b"},
]
colorful = [
    {file = "colorful-0.5.4-py2.py3-none-any.whl", hash = "sha256:8d264b52a39aae4c0ba3e2a46afbaec81b0559a99be0d2cfe2aba4cf94531348"},
    {file = "colorful-0.5.4.tar.gz", hash = "sha256:86848ad4e2eda60cd2519d8698945d22f6f6551e23e95f3f14dfbb60997807ea"},
]
cycler = [
    {file = "cycler-0.10.0-py2.py3-none-any.whl", hash = "sha256:1d8a5ae1ff6c5cf9b93e8811e581232ad8920aeec647c37316ceac982b08cb2d"},
    {file = "cycler-0.10.0.tar.gz", hash = "sha256:cd7b2d1018258d7247a71425e9f26463dfb444d411c39569972f4ce586b0c9d8"},
]
decorator = [
    {file = "decorator-4.4.2-py2.py3-none-any.whl", hash = "sha256:41fa54c2a0cc4ba648be4fd43cff00aedf5b9465c9bf18d64325bc225f08f760"},
    {file = "decorator-4.4.2.tar.gz", hash = "sha256:e3a62f0520172440ca0dcc823749319382e377f37f140a0b99ef45fecb84bfe7"},
]
flatbuffers = [
    {file = "flatbuffers-1.12-py2.py3-none-any.whl", hash = "sha256:9e9ef47fa92625c4721036e7c4124182668dc6021d9e7c73704edd395648deb9"},
    {file = "flatbuffers-1.12.tar.gz", hash = "sha256:63bb9a722d5e373701913e226135b28a6f6ac200d5cc7b4d919fa38d73b44610"},
]
iniconfig = [
    {file = "iniconfig-1.1.1-py2.py3-none-any.whl", hash = "sha256:011e24c64b7f47f6ebd835bb12a743f2fbe9a26d4cecaa7f53bc4f35ee9da8b3"},
    {file = "iniconfig-1.1.1.tar.gz", hash = "sha256:bc3af051d7d14b2ee5ef9969666def0cd1a000e121eaea580d4a313df4b37f32"},
]
ipromise = [
    {file = "ipromise-1.9-py3-none-any.whl", hash = "sha256:96392914b439b3155072f02167dd7a29f6c00b286316d098c6c4c3cb5fea686a"},
    {file = "ipromise-1.9.tar.gz", hash = "sha256:7a58426ad1c5bdab781dbe862aec657c1088e057ee16045b9bf13b94667ad39f"},
]
jax = [
    {file = "jax-0.2.7.tar.gz", hash = "sha256:51f55ddab1518a52f43131dabb8f5ffc3e68b5f536b945e8cb8fca7c0d3d4b23"},
]
jaxlib = [
    {file = "jaxlib-0.1.57-cp36-none-manylinux2010_x86_64.whl", hash = "sha256:669427a85df109995cf2689945c995fd36abce80d7dbc0ad1833fa9966fa935e"},
    {file = "jaxlib-0.1.57-cp37-none-manylinux2010_x86_64.whl", hash = "sha256:2bc945849553dbc31eba737ca81546fb47ec1e7c3340872d9b7dd329006f51a7"},
    {file = "jaxlib-0.1.57-cp38-none-manylinux2010_x86_64.whl", hash = "sha256:252e2b0043dc655e889da4363af9bc22c22d4c9728b9b2b685eac763d3a4de30"},
    {file = "jaxlib-0.1.57-cp39-none-manylinux2010_x86_64.whl", hash = "sha256:2c07605172118ab3a5a62d639a62059e4c8d67cc44de655af6606c50afa1d8c9"},
]
kiwisolver = [
    {file = "kiwisolver-1.3.1-cp36-cp36m-macosx_10_9_x86_64.whl", hash = "sha256:fd34fbbfbc40628200730bc1febe30631347103fc8d3d4fa012c21ab9c11eca9"},
    {file = "kiwisolver-1.3.1-cp36-cp36m-manylinux1_i686.whl", hash = "sha256:d3155d828dec1d43283bd24d3d3e0d9c7c350cdfcc0bd06c0ad1209c1bbc36d0"},
    {file = "kiwisolver-1.3.1-cp36-cp36m-manylinux1_x86_64.whl", hash = "sha256:5a7a7dbff17e66fac9142ae2ecafb719393aaee6a3768c9de2fd425c63b53e21"},
    {file = "kiwisolver-1.3.1-cp36-cp36m-manylinux2014_aarch64.whl", hash = "sha256:f8d6f8db88049a699817fd9178782867bf22283e3813064302ac59f61d95be05"},
    {file = "kiwisolver-1.3.1-cp36-cp36m-manylinux2014_ppc64le.whl", hash = "sha256:5f6ccd3dd0b9739edcf407514016108e2280769c73a85b9e59aa390046dbf08b"},
    {file = "kiwisolver-1.3.1-cp36-cp36m-win32.whl", hash = "sha256:225e2e18f271e0ed8157d7f4518ffbf99b9450fca398d561eb5c4a87d0986dd9"},
    {file = "kiwisolver-1.3.1-cp36-cp36m-win_amd64.whl", hash = "sha256:cf8b574c7b9aa060c62116d4181f3a1a4e821b2ec5cbfe3775809474113748d4"},
    {file = "kiwisolver-1.3.1-cp37-cp37m-macosx_10_9_x86_64.whl", hash = "sha256:232c9e11fd7ac3a470d65cd67e4359eee155ec57e822e5220322d7b2ac84fbf0"},
    {file = "kiwisolver-1.3.1-cp37-cp37m-manylinux1_i686.whl", hash = "sha256:b38694dcdac990a743aa654037ff1188c7a9801ac3ccc548d3341014bc5ca278"},
    {file = "kiwisolver-1.3.1-cp37-cp37m-manylinux1_x86_64.whl", hash = "sha256:ca3820eb7f7faf7f0aa88de0e54681bddcb46e485beb844fcecbcd1c8bd01689"},
    {file = "kiwisolver-1.3.1-cp37-cp37m-manylinux2014_aarch64.whl", hash = "sha256:c8fd0f1ae9d92b42854b2979024d7597685ce4ada367172ed7c09edf2cef9cb8"},
    {file = "kiwisolver-1.3.1-cp37-cp37m-manylinux2014_ppc64le.whl", hash = "sha256:1e1bc12fb773a7b2ffdeb8380609f4f8064777877b2225dec3da711b421fda31"},
    {file = "kiwisolver-1.3.1-cp37-cp37m-win32.whl", hash = "sha256:72c99e39d005b793fb7d3d4e660aed6b6281b502e8c1eaf8ee8346023c8e03bc"},
    {file = "kiwisolver-1.3.1-cp37-cp37m-win_amd64.whl", hash = "sha256:8be8d84b7d4f2ba4ffff3665bcd0211318aa632395a1a41553250484a871d454"},
    {file = "kiwisolver-1.3.1-cp38-cp38-macosx_10_9_x86_64.whl", hash = "sha256:31dfd2ac56edc0ff9ac295193eeaea1c0c923c0355bf948fbd99ed6018010b72"},
    {file = "kiwisolver-1.3.1-cp38-cp38-manylinux1_i686.whl", hash = "sha256:563c649cfdef27d081c84e72a03b48ea9408c16657500c312575ae9d9f7bc1c3"},
    {file = "kiwisolver-1.3.1-cp38-cp38-manylinux1_x86_64.whl", hash = "sha256:78751b33595f7f9511952e7e60ce858c6d64db2e062afb325985ddbd34b5c131"},
    {file = "kiwisolver-1.3.1-cp38-cp38-manylinux2014_aarch64.whl", hash = "sha256:a357fd4f15ee49b4a98b44ec23a34a95f1e00292a139d6015c11f55774ef10de"},
    {file = "kiwisolver-1.3.1-cp38-cp38-manylinux2014_ppc64le.whl", hash = "sha256:5989db3b3b34b76c09253deeaf7fbc2707616f130e166996606c284395da3f18"},
    {file = "kiwisolver-1.3.1-cp38-cp38-win32.whl", hash = "sha256:c08e95114951dc2090c4a630c2385bef681cacf12636fb0241accdc6b303fd81"},
    {file = "kiwisolver-1.3.1-cp38-cp38-win_amd64.whl", hash = "sha256:44a62e24d9b01ba94ae7a4a6c3fb215dc4af1dde817e7498d901e229aaf50e4e"},
    {file = "kiwisolver-1.3.1-cp39-cp39-macosx_10_9_x86_64.whl", hash = "sha256:50af681a36b2a1dee1d3c169ade9fdc59207d3c31e522519181e12f1b3ba7000"},
    {file = "kiwisolver-1.3.1-cp39-cp39-manylinux1_i686.whl", hash = "sha256:a53d27d0c2a0ebd07e395e56a1fbdf75ffedc4a05943daf472af163413ce9598"},
    {file = "kiwisolver-1.3.1-cp39-cp39-manylinux1_x86_64.whl", hash = "sha256:834ee27348c4aefc20b479335fd422a2c69db55f7d9ab61721ac8cd83eb78882"},
    {file = "kiwisolver-1.3.1-cp39-cp39-manylinux2014_aarch64.whl", hash = "sha256:5c3e6455341008a054cccee8c5d24481bcfe1acdbc9add30aa95798e95c65621"},
    {file = "kiwisolver-1.3.1-cp39-cp39-manylinux2014_ppc64le.whl", hash = "sha256:acef3d59d47dd85ecf909c359d0fd2c81ed33bdff70216d3956b463e12c38a54"},
    {file = "kiwisolver-1.3.1-cp39-cp39-win32.whl", hash = "sha256:c5518d51a0735b1e6cee1fdce66359f8d2b59c3ca85dc2b0813a8aa86818a030"},
    {file = "kiwisolver-1.3.1-cp39-cp39-win_amd64.whl", hash = "sha256:b9edd0110a77fc321ab090aaa1cfcaba1d8499850a12848b81be2222eab648f6"},
    {file = "kiwisolver-1.3.1-pp36-pypy36_pp73-macosx_10_9_x86_64.whl", hash = "sha256:0cd53f403202159b44528498de18f9285b04482bab2a6fc3f5dd8dbb9352e30d"},
    {file = "kiwisolver-1.3.1-pp36-pypy36_pp73-manylinux2010_x86_64.whl", hash = "sha256:33449715e0101e4d34f64990352bce4095c8bf13bed1b390773fc0a7295967b3"},
    {file = "kiwisolver-1.3.1-pp36-pypy36_pp73-win32.whl", hash = "sha256:401a2e9afa8588589775fe34fc22d918ae839aaaf0c0e96441c0fdbce6d8ebe6"},
    {file = "kiwisolver-1.3.1.tar.gz", hash = "sha256:950a199911a8d94683a6b10321f9345d5a3a8433ec58b217ace979e18f16e248"},
]
matplotlib = [
    {file = "matplotlib-3.3.3-cp36-cp36m-macosx_10_9_x86_64.whl", hash = "sha256:b2a5e1f637a92bb6f3526cc54cc8af0401112e81ce5cba6368a1b7908f9e18bc"},
    {file = "matplotlib-3.3.3-cp36-cp36m-manylinux1_i686.whl", hash = "sha256:c586ac1d64432f92857c3cf4478cfb0ece1ae18b740593f8a39f2f0b27c7fda5"},
    {file = "matplotlib-3.3.3-cp36-cp36m-manylinux1_x86_64.whl", hash = "sha256:9b03722c89a43a61d4d148acfc89ec5bb54cd0fd1539df25b10eb9c5fa6c393a"},
    {file = "matplotlib-3.3.3-cp36-cp36m-win32.whl", hash = "sha256:2c2c5041608cb75c39cbd0ed05256f8a563e144234a524c59d091abbfa7a868f"},
    {file = "matplotlib-3.3.3-cp36-cp36m-win_amd64.whl", hash = "sha256:c092fc4673260b1446b8578015321081d5db73b94533fe4bf9b69f44e948d174"},
    {file = "matplotlib-3.3.3-cp37-cp37m-macosx_10_9_x86_64.whl", hash = "sha256:27c9393fada62bd0ad7c730562a0fecbd3d5aaa8d9ed80ba7d3ebb8abc4f0453"},
    {file = "matplotlib-3.3.3-cp37-cp37m-manylinux1_i686.whl", hash = "sha256:b8ba2a1dbb4660cb469fe8e1febb5119506059e675180c51396e1723ff9b79d9"},
    {file = "matplotlib-3.3.3-cp37-cp37m-manylinux1_x86_64.whl", hash = "sha256:0caa687fce6174fef9b27d45f8cc57cbc572e04e98c81db8e628b12b563d59a2"},
    {file = "matplotlib-3.3.3-cp37-cp37m-win32.whl", hash = "sha256:b7b09c61a91b742cb5460b72efd1fe26ef83c1c704f666e0af0df156b046aada"},
    {file = "matplotlib-3.3.3-cp37-cp37m-win_amd64.whl", hash = "sha256:6ffd2d80d76df2e5f9f0c0140b5af97e3b87dd29852dcdb103ec177d853ec06b"},
    {file = "matplotlib-3.3.3-cp38-cp38-macosx_10_9_x86_64.whl", hash = "sha256:5111d6d47a0f5b8f3e10af7a79d5e7eb7e73a22825391834734274c4f312a8a0"},
    {file = "matplotlib-3.3.3-cp38-cp38-manylinux1_i686.whl", hash = "sha256:a4fe54eab2c7129add75154823e6543b10261f9b65b2abe692d68743a4999f8c"},
    {file = "matplotlib-3.3.3-cp38-cp38-manylinux1_x86_64.whl", hash = "sha256:83e6c895d93fdf93eeff1a21ee96778ba65ef258e5d284160f7c628fee40c38f"},
    {file = "matplotlib-3.3.3-cp38-cp38-win32.whl", hash = "sha256:b26c472847911f5a7eb49e1c888c31c77c4ddf8023c1545e0e8e0367ba74fb15"},
    {file = "matplotlib-3.3.3-cp38-cp38-win_amd64.whl", hash = "sha256:09225edca87a79815822eb7d3be63a83ebd4d9d98d5aa3a15a94f4eee2435954"},
    {file = "matplotlib-3.3.3-cp39-cp39-macosx_10_9_x86_64.whl", hash = "sha256:eb6b6700ea454bb88333d98601e74928e06f9669c1ea231b4c4c666c1d7701b4"},
    {file = "matplotlib-3.3.3-cp39-cp39-manylinux1_i686.whl", hash = "sha256:2d31aff0c8184b05006ad756b9a4dc2a0805e94d28f3abc3187e881b6673b302"},
    {file = "matplotlib-3.3.3-cp39-cp39-manylinux1_x86_64.whl", hash = "sha256:d082f77b4ed876ae94a9373f0db96bf8768a7cca6c58fc3038f94e30ffde1880"},
    {file = "matplotlib-3.3.3-cp39-cp39-win32.whl", hash = "sha256:e71cdd402047e657c1662073e9361106c6981e9621ab8c249388dfc3ec1de07b"},
    {file = "matplotlib-3.3.3-cp39-cp39-win_amd64.whl", hash = "sha256:756ee498b9ba35460e4cbbd73f09018e906daa8537fff61da5b5bf8d5e9de5c7"},
    {file = "matplotlib-3.3.3-pp36-pypy36_pp73-macosx_10_9_x86_64.whl", hash = "sha256:7ad44f2c74c50567c694ee91c6fa16d67e7c8af6f22c656b80469ad927688457"},
    {file = "matplotlib-3.3.3-pp36-pypy36_pp73-manylinux2010_x86_64.whl", hash = "sha256:3a4c3e9be63adf8e9b305aa58fb3ec40ecc61fd0f8fd3328ce55bc30e7a2aeb0"},
    {file = "matplotlib-3.3.3-pp37-pypy37_pp73-macosx_10_9_x86_64.whl", hash = "sha256:746897fbd72bd462b888c74ed35d812ca76006b04f717cd44698cdfc99aca70d"},
    {file = "matplotlib-3.3.3-pp37-pypy37_pp73-manylinux2010_x86_64.whl", hash = "sha256:5ed3d3342698c2b1f3651f8ea6c099b0f196d16ee00e33dc3a6fee8cb01d530a"},
    {file = "matplotlib-3.3.3.tar.gz", hash = "sha256:b1b60c6476c4cfe9e5cf8ab0d3127476fd3d5f05de0f343a452badaad0e4bdec"},
]
networkx = [
    {file = "networkx-2.5-py3-none-any.whl", hash = "sha256:8c5812e9f798d37c50570d15c4a69d5710a18d77bafc903ee9c5fba7454c616c"},
    {file = "networkx-2.5.tar.gz", hash = "sha256:7978955423fbc9639c10498878be59caf99b44dc304c2286162fd24b458c1602"},
]
numpy = [
    {file = "numpy-1.19.4-cp36-cp36m-macosx_10_9_x86_64.whl", hash = "sha256:e9b30d4bd69498fc0c3fe9db5f62fffbb06b8eb9321f92cc970f2969be5e3949"},
    {file = "numpy-1.19.4-cp36-cp36m-manylinux1_i686.whl", hash = "sha256:fedbd128668ead37f33917820b704784aff695e0019309ad446a6d0b065b57e4"},
    {file = "numpy-1.19.4-cp36-cp36m-manylinux1_x86_64.whl", hash = "sha256:8ece138c3a16db8c1ad38f52eb32be6086cc72f403150a79336eb2045723a1ad"},
    {file = "numpy-1.19.4-cp36-cp36m-manylinux2010_i686.whl", hash = "sha256:64324f64f90a9e4ef732be0928be853eee378fd6a01be21a0a8469c4f2682c83"},
    {file = "numpy-1.19.4-cp36-cp36m-manylinux2010_x86_64.whl", hash = "sha256:ad6f2ff5b1989a4899bf89800a671d71b1612e5ff40866d1f4d8bcf48d4e5764"},
    {file = "numpy-1.19.4-cp36-cp36m-manylinux2014_aarch64.whl", hash = "sha256:d6c7bb82883680e168b55b49c70af29b84b84abb161cbac2800e8fcb6f2109b6"},
    {file = "numpy-1.19.4-cp36-cp36m-win32.whl", hash = "sha256:13d166f77d6dc02c0a73c1101dd87fdf01339febec1030bd810dcd53fff3b0f1"},
    {file = "numpy-1.19.4-cp36-cp36m-win_amd64.whl", hash = "sha256:448ebb1b3bf64c0267d6b09a7cba26b5ae61b6d2dbabff7c91b660c7eccf2bdb"},
    {file = "numpy-1.19.4-cp37-cp37m-macosx_10_9_x86_64.whl", hash = "sha256:27d3f3b9e3406579a8af3a9f262f5339005dd25e0ecf3cf1559ff8a49ed5cbf2"},
    {file = "numpy-1.19.4-cp37-cp37m-manylinux1_i686.whl", hash = "sha256:16c1b388cc31a9baa06d91a19366fb99ddbe1c7b205293ed072211ee5bac1ed2"},
    {file = "numpy-1.19.4-cp37-cp37m-manylinux1_x86_64.whl", hash = "sha256:e5b6ed0f0b42317050c88022349d994fe72bfe35f5908617512cd8c8ef9da2a9"},
    {file = "numpy-1.19.4-cp37-cp37m-manylinux2010_i686.whl", hash = "sha256:18bed2bcb39e3f758296584337966e68d2d5ba6aab7e038688ad53c8f889f757"},
    {file = "numpy-1.19.4-cp37-cp37m-manylinux2010_x86_64.whl", hash = "sha256:fe45becb4c2f72a0907c1d0246ea6449fe7a9e2293bb0e11c4e9a32bb0930a15"},
    {file = "numpy-1.19.4-cp37-cp37m-manylinux2014_aarch64.whl", hash = "sha256:6d7593a705d662be5bfe24111af14763016765f43cb6923ed86223f965f52387"},
    {file = "numpy-1.19.4-cp37-cp37m-win32.whl", hash = "sha256:6ae6c680f3ebf1cf7ad1d7748868b39d9f900836df774c453c11c5440bc15b36"},
    {file = "numpy-1.19.4-cp37-cp37m-win_amd64.whl", hash = "sha256:9eeb7d1d04b117ac0d38719915ae169aa6b61fca227b0b7d198d43728f0c879c"},
    {file = "numpy-1.19.4-cp38-cp38-macosx_10_9_x86_64.whl", hash = "sha256:cb1017eec5257e9ac6209ac172058c430e834d5d2bc21961dceeb79d111e5909"},
    {file = "numpy-1.19.4-cp38-cp38-manylinux1_i686.whl", hash = "sha256:edb01671b3caae1ca00881686003d16c2209e07b7ef8b7639f1867852b948f7c"},
    {file = "numpy-1.19.4-cp38-cp38-manylinux1_x86_64.whl", hash = "sha256:f29454410db6ef8126c83bd3c968d143304633d45dc57b51252afbd79d700893"},
    {file = "numpy-1.19.4-cp38-cp38-manylinux2010_i686.whl", hash = "sha256:ec149b90019852266fec2341ce1db513b843e496d5a8e8cdb5ced1923a92faab"},
    {file = "numpy-1.19.4-cp38-cp38-manylinux2010_x86_64.whl", hash = "sha256:1aeef46a13e51931c0b1cf8ae1168b4a55ecd282e6688fdb0a948cc5a1d5afb9"},
    {file = "numpy-1.19.4-cp38-cp38-manylinux2014_aarch64.whl", hash = "sha256:08308c38e44cc926bdfce99498b21eec1f848d24c302519e64203a8da99a97db"},
    {file = "numpy-1.19.4-cp38-cp38-win32.whl", hash = "sha256:5734bdc0342aba9dfc6f04920988140fb41234db42381cf7ccba64169f9fe7ac"},
    {file = "numpy-1.19.4-cp38-cp38-win_amd64.whl", hash = "sha256:09c12096d843b90eafd01ea1b3307e78ddd47a55855ad402b157b6c4862197ce"},
    {file = "numpy-1.19.4-cp39-cp39-macosx_10_9_x86_64.whl", hash = "sha256:e452dc66e08a4ce642a961f134814258a082832c78c90351b75c41ad16f79f63"},
    {file = "numpy-1.19.4-cp39-cp39-manylinux1_i686.whl", hash = "sha256:a5d897c14513590a85774180be713f692df6fa8ecf6483e561a6d47309566f37"},
    {file = "numpy-1.19.4-cp39-cp39-manylinux1_x86_64.whl", hash = "sha256:a09f98011236a419ee3f49cedc9ef27d7a1651df07810ae430a6b06576e0b414"},
    {file = "numpy-1.19.4-cp39-cp39-manylinux2010_i686.whl", hash = "sha256:50e86c076611212ca62e5a59f518edafe0c0730f7d9195fec718da1a5c2bb1fc"},
    {file = "numpy-1.19.4-cp39-cp39-manylinux2010_x86_64.whl", hash = "sha256:f0d3929fe88ee1c155129ecd82f981b8856c5d97bcb0d5f23e9b4242e79d1de3"},
    {file = "numpy-1.19.4-cp39-cp39-manylinux2014_aarch64.whl", hash = "sha256:c42c4b73121caf0ed6cd795512c9c09c52a7287b04d105d112068c1736d7c753"},
    {file = "numpy-1.19.4-cp39-cp39-win32.whl", hash = "sha256:8cac8790a6b1ddf88640a9267ee67b1aee7a57dfa2d2dd33999d080bc8ee3a0f"},
    {file = "numpy-1.19.4-cp39-cp39-win_amd64.whl", hash = "sha256:4377e10b874e653fe96985c05feed2225c912e328c8a26541f7fc600fb9c637b"},
    {file = "numpy-1.19.4-pp36-pypy36_pp73-manylinux2010_x86_64.whl", hash = "sha256:2a2740aa9733d2e5b2dfb33639d98a64c3b0f24765fed86b0fd2aec07f6a0a08"},
    {file = "numpy-1.19.4.zip", hash = "sha256:141ec3a3300ab89c7f2b0775289954d193cc8edb621ea05f99db9cb181530512"},
]
opt-einsum = [
    {file = "opt_einsum-3.3.0-py3-none-any.whl", hash = "sha256:2455e59e3947d3c275477df7f5205b30635e266fe6dc300e3d9f9646bfcea147"},
    {file = "opt_einsum-3.3.0.tar.gz", hash = "sha256:59f6475f77bbc37dcf7cd748519c0ec60722e91e63ca114e68821c0c54a46549"},
]
optax = [
    {file = "optax-0.0.1-py3-none-any.whl", hash = "sha256:037e67da96c2ca586422819feda06e4291a31e1fef7adad07d7946851309de44"},
    {file = "optax-0.0.1.tar.gz", hash = "sha256:ed3dddb3973ee65ad12048ed589d384efc0fa6b096bed2c75ed008aef4ad720c"},
]
packaging = [
    {file = "packaging-20.8-py2.py3-none-any.whl", hash = "sha256:24e0da08660a87484d1602c30bb4902d74816b6985b93de36926f5bc95741858"},
    {file = "packaging-20.8.tar.gz", hash = "sha256:78598185a7008a470d64526a8059de9aaa449238f280fc9eb6b13ba6c4109093"},
]
pillow = [
    {file = "Pillow-8.0.1-cp36-cp36m-macosx_10_10_x86_64.whl", hash = "sha256:b63d4ff734263ae4ce6593798bcfee6dbfb00523c82753a3a03cbc05555a9cc3"},
    {file = "Pillow-8.0.1-cp36-cp36m-manylinux1_i686.whl", hash = "sha256:5f9403af9c790cc18411ea398a6950ee2def2a830ad0cfe6dc9122e6d528b302"},
    {file = "Pillow-8.0.1-cp36-cp36m-manylinux1_x86_64.whl", hash = "sha256:6b4a8fd632b4ebee28282a9fef4c341835a1aa8671e2770b6f89adc8e8c2703c"},
    {file = "Pillow-8.0.1-cp36-cp36m-manylinux2014_aarch64.whl", hash = "sha256:cc3ea6b23954da84dbee8025c616040d9aa5eaf34ea6895a0a762ee9d3e12e11"},
    {file = "Pillow-8.0.1-cp36-cp36m-win32.whl", hash = "sha256:d8a96747df78cda35980905bf26e72960cba6d355ace4780d4bdde3b217cdf1e"},
    {file = "Pillow-8.0.1-cp36-cp36m-win_amd64.whl", hash = "sha256:7ba0ba61252ab23052e642abdb17fd08fdcfdbbf3b74c969a30c58ac1ade7cd3"},
    {file = "Pillow-8.0.1-cp37-cp37m-macosx_10_10_x86_64.whl", hash = "sha256:795e91a60f291e75de2e20e6bdd67770f793c8605b553cb6e4387ce0cb302e09"},
    {file = "Pillow-8.0.1-cp37-cp37m-manylinux1_i686.whl", hash = "sha256:0a2e8d03787ec7ad71dc18aec9367c946ef8ef50e1e78c71f743bc3a770f9fae"},
    {file = "Pillow-8.0.1-cp37-cp37m-manylinux1_x86_64.whl", hash = "sha256:006de60d7580d81f4a1a7e9f0173dc90a932e3905cc4d47ea909bc946302311a"},
    {file = "Pillow-8.0.1-cp37-cp37m-manylinux2014_aarch64.whl", hash = "sha256:bd7bf289e05470b1bc74889d1466d9ad4a56d201f24397557b6f65c24a6844b8"},
    {file = "Pillow-8.0.1-cp37-cp37m-win32.whl", hash = "sha256:95edb1ed513e68bddc2aee3de66ceaf743590bf16c023fb9977adc4be15bd3f0"},
    {file = "Pillow-8.0.1-cp37-cp37m-win_amd64.whl", hash = "sha256:e38d58d9138ef972fceb7aeec4be02e3f01d383723965bfcef14d174c8ccd039"},
    {file = "Pillow-8.0.1-cp38-cp38-macosx_10_10_x86_64.whl", hash = "sha256:d3d07c86d4efa1facdf32aa878bd508c0dc4f87c48125cc16b937baa4e5b5e11"},
    {file = "Pillow-8.0.1-cp38-cp38-manylinux1_i686.whl", hash = "sha256:fbd922f702582cb0d71ef94442bfca57624352622d75e3be7a1e7e9360b07e72"},
    {file = "Pillow-8.0.1-cp38-cp38-manylinux1_x86_64.whl", hash = "sha256:92c882b70a40c79de9f5294dc99390671e07fc0b0113d472cbea3fde15db1792"},
    {file = "Pillow-8.0.1-cp38-cp38-manylinux2014_aarch64.whl", hash = "sha256:7c9401e68730d6c4245b8e361d3d13e1035cbc94db86b49dc7da8bec235d0015"},
    {file = "Pillow-8.0.1-cp38-cp38-win32.whl", hash = "sha256:6c1aca8231625115104a06e4389fcd9ec88f0c9befbabd80dc206c35561be271"},
    {file = "Pillow-8.0.1-cp38-cp38-win_amd64.whl", hash = "sha256:cc9ec588c6ef3a1325fa032ec14d97b7309db493782ea8c304666fb10c3bd9a7"},
    {file = "Pillow-8.0.1-cp39-cp39-macosx_10_10_x86_64.whl", hash = "sha256:eb472586374dc66b31e36e14720747595c2b265ae962987261f044e5cce644b5"},
    {file = "Pillow-8.0.1-cp39-cp39-manylinux1_i686.whl", hash = "sha256:0eeeae397e5a79dc088d8297a4c2c6f901f8fb30db47795113a4a605d0f1e5ce"},
    {file = "Pillow-8.0.1-cp39-cp39-manylinux1_x86_64.whl", hash = "sha256:81f812d8f5e8a09b246515fac141e9d10113229bc33ea073fec11403b016bcf3"},
    {file = "Pillow-8.0.1-cp39-cp39-manylinux2014_aarch64.whl", hash = "sha256:895d54c0ddc78a478c80f9c438579ac15f3e27bf442c2a9aa74d41d0e4d12544"},
    {file = "Pillow-8.0.1-cp39-cp39-win32.whl", hash = "sha256:2fb113757a369a6cdb189f8df3226e995acfed0a8919a72416626af1a0a71140"},
    {file = "Pillow-8.0.1-cp39-cp39-win_amd64.whl", hash = "sha256:59e903ca800c8cfd1ebe482349ec7c35687b95e98cefae213e271c8c7fffa021"},
    {file = "Pillow-8.0.1-pp36-pypy36_pp73-macosx_10_10_x86_64.whl", hash = "sha256:5abd653a23c35d980b332bc0431d39663b1709d64142e3652890df4c9b6970f6"},
    {file = "Pillow-8.0.1-pp36-pypy36_pp73-manylinux2010_x86_64.whl", hash = "sha256:4b0ef2470c4979e345e4e0cc1bbac65fda11d0d7b789dbac035e4c6ce3f98adb"},
    {file = "Pillow-8.0.1-pp37-pypy37_pp73-win32.whl", hash = "sha256:8de332053707c80963b589b22f8e0229f1be1f3ca862a932c1bcd48dafb18dd8"},
    {file = "Pillow-8.0.1.tar.gz", hash = "sha256:11c5c6e9b02c9dac08af04f093eb5a2f84857df70a7d4a6a6ad461aca803fb9e"},
]
pluggy = [
    {file = "pluggy-0.13.1-py2.py3-none-any.whl", hash = "sha256:966c145cd83c96502c3c3868f50408687b38434af77734af1e9ca461a4081d2d"},
    {file = "pluggy-0.13.1.tar.gz", hash = "sha256:15b2acde666561e1298d71b523007ed7364de07029219b604cf808bfa1c765b0"},
]
py = [
    {file = "py-1.10.0-py2.py3-none-any.whl", hash = "sha256:3b80836aa6d1feeaa108e046da6423ab8f6ceda6468545ae8d02d9d58d18818a"},
    {file = "py-1.10.0.tar.gz", hash = "sha256:21b81bda15b66ef5e1a777a21c4dcd9c20ad3efd0b3f817e7a809035269e1bd3"},
]
pyparsing = [
    {file = "pyparsing-2.4.7-py2.py3-none-any.whl", hash = "sha256:ef9d7589ef3c200abe66653d3f1ab1033c3c419ae9b9bdb1240a85b024efc88b"},
    {file = "pyparsing-2.4.7.tar.gz", hash = "sha256:c203ec8783bf771a155b207279b9bccb8dea02d8f0c9e5f8ead507bc3246ecc1"},
]
pytest = [
    {file = "pytest-6.2.1-py3-none-any.whl", hash = "sha256:1969f797a1a0dbd8ccf0fecc80262312729afea9c17f1d70ebf85c5e76c6f7c8"},
    {file = "pytest-6.2.1.tar.gz", hash = "sha256:66e419b1899bc27346cb2c993e12c5e5e8daba9073c1fbce33b9807abc95c306"},
]
python-dateutil = [
    {file = "python-dateutil-2.8.1.tar.gz", hash = "sha256:73ebfe9dbf22e832286dafa60473e4cd239f8592f699aa5adaf10050e6e1823c"},
    {file = "python_dateutil-2.8.1-py2.py3-none-any.whl", hash = "sha256:75bb3f31ea686f1197762692a9ee6a7550b59fc6ca3a1f4b5d7e32fb98e2da2a"},
]
scipy = [
    {file = "scipy-1.5.4-cp36-cp36m-macosx_10_9_x86_64.whl", hash = "sha256:4f12d13ffbc16e988fa40809cbbd7a8b45bc05ff6ea0ba8e3e41f6f4db3a9e47"},
    {file = "scipy-1.5.4-cp36-cp36m-manylinux1_i686.whl", hash = "sha256:a254b98dbcc744c723a838c03b74a8a34c0558c9ac5c86d5561703362231107d"},
    {file = "scipy-1.5.4-cp36-cp36m-manylinux1_x86_64.whl", hash = "sha256:368c0f69f93186309e1b4beb8e26d51dd6f5010b79264c0f1e9ca00cd92ea8c9"},
    {file = "scipy-1.5.4-cp36-cp36m-manylinux2014_aarch64.whl", hash = "sha256:4598cf03136067000855d6b44d7a1f4f46994164bcd450fb2c3d481afc25dd06"},
    {file = "scipy-1.5.4-cp36-cp36m-win32.whl", hash = "sha256:e98d49a5717369d8241d6cf33ecb0ca72deee392414118198a8e5b4c35c56340"},
    {file = "scipy-1.5.4-cp36-cp36m-win_amd64.whl", hash = "sha256:65923bc3809524e46fb7eb4d6346552cbb6a1ffc41be748535aa502a2e3d3389"},
    {file = "scipy-1.5.4-cp37-cp37m-macosx_10_9_x86_64.whl", hash = "sha256:9ad4fcddcbf5dc67619379782e6aeef41218a79e17979aaed01ed099876c0e62"},
    {file = "scipy-1.5.4-cp37-cp37m-manylinux1_i686.whl", hash = "sha256:f87b39f4d69cf7d7529d7b1098cb712033b17ea7714aed831b95628f483fd012"},
    {file = "scipy-1.5.4-cp37-cp37m-manylinux1_x86_64.whl", hash = "sha256:25b241034215247481f53355e05f9e25462682b13bd9191359075682adcd9554"},
    {file = "scipy-1.5.4-cp37-cp37m-manylinux2014_aarch64.whl", hash = "sha256:fa789583fc94a7689b45834453fec095245c7e69c58561dc159b5d5277057e4c"},
    {file = "scipy-1.5.4-cp37-cp37m-win32.whl", hash = "sha256:d6d25c41a009e3c6b7e757338948d0076ee1dd1770d1c09ec131f11946883c54"},
    {file = "scipy-1.5.4-cp37-cp37m-win_amd64.whl", hash = "sha256:2c872de0c69ed20fb1a9b9cf6f77298b04a26f0b8720a5457be08be254366c6e"},
    {file = "scipy-1.5.4-cp38-cp38-macosx_10_9_x86_64.whl", hash = "sha256:e360cb2299028d0b0d0f65a5c5e51fc16a335f1603aa2357c25766c8dab56938"},
    {file = "scipy-1.5.4-cp38-cp38-manylinux1_i686.whl", hash = "sha256:3397c129b479846d7eaa18f999369a24322d008fac0782e7828fa567358c36ce"},
    {file = "scipy-1.5.4-cp38-cp38-manylinux1_x86_64.whl", hash = "sha256:168c45c0c32e23f613db7c9e4e780bc61982d71dcd406ead746c7c7c2f2004ce"},
    {file = "scipy-1.5.4-cp38-cp38-manylinux2014_aarch64.whl", hash = "sha256:213bc59191da2f479984ad4ec39406bf949a99aba70e9237b916ce7547b6ef42"},
    {file = "scipy-1.5.4-cp38-cp38-win32.whl", hash = "sha256:634568a3018bc16a83cda28d4f7aed0d803dd5618facb36e977e53b2df868443"},
    {file = "scipy-1.5.4-cp38-cp38-win_amd64.whl", hash = "sha256:b03c4338d6d3d299e8ca494194c0ae4f611548da59e3c038813f1a43976cb437"},
    {file = "scipy-1.5.4-cp39-cp39-macosx_10_9_x86_64.whl", hash = "sha256:3d5db5d815370c28d938cf9b0809dade4acf7aba57eaf7ef733bfedc9b2474c4"},
    {file = "scipy-1.5.4-cp39-cp39-manylinux1_i686.whl", hash = "sha256:6b0ceb23560f46dd236a8ad4378fc40bad1783e997604ba845e131d6c680963e"},
    {file = "scipy-1.5.4-cp39-cp39-manylinux1_x86_64.whl", hash = "sha256:ed572470af2438b526ea574ff8f05e7f39b44ac37f712105e57fc4d53a6fb660"},
    {file = "scipy-1.5.4-cp39-cp39-manylinux2014_aarch64.whl", hash = "sha256:8c8d6ca19c8497344b810b0b0344f8375af5f6bb9c98bd42e33f747417ab3f57"},
    {file = "scipy-1.5.4-cp39-cp39-win32.whl", hash = "sha256:d84cadd7d7998433334c99fa55bcba0d8b4aeff0edb123b2a1dfcface538e474"},
    {file = "scipy-1.5.4-cp39-cp39-win_amd64.whl", hash = "sha256:cc1f78ebc982cd0602c9a7615d878396bec94908db67d4ecddca864d049112f2"},
    {file = "scipy-1.5.4.tar.gz", hash = "sha256:4a453d5e5689de62e5d38edf40af3f17560bfd63c9c5bd228c18c1f99afa155b"},
]
six = [
    {file = "six-1.15.0-py2.py3-none-any.whl", hash = "sha256:8b74bedcbbbaca38ff6d7491d76f2b06b3592611af620f8426e82dddb04a5ced"},
    {file = "six-1.15.0.tar.gz", hash = "sha256:30639c035cdb23534cd4aa2dd52c3bf48f06e5f4a941509c8bafd8ce11080259"},
]
tjax = [
    {file = "tjax-0.7.3-py3-none-any.whl", hash = "sha256:e90247ddc4ed5421bfea57f41546eeeba51b811bf688dbc89b5474dbb984d119"},
    {file = "tjax-0.7.3.tar.gz", hash = "sha256:a70d76114e523d9df77b2b0bd7cd8d067dfd1b0a16b15cf58dc374db86cd4849"},
]
toml = [
    {file = "toml-0.10.2-py2.py3-none-any.whl", hash = "sha256:806143ae5bfb6a3c6e736a764057db0e6a0e05e338b5630894a5f779cabb4f9b"},
    {file = "toml-0.10.2.tar.gz", hash = "sha256:b3bda1d108d5dd99f4a20d24d9c348e91c4db7ab1b749200bded2f839ccbe68f"},
]
toolz = [
    {file = "toolz-0.11.1-py3-none-any.whl", hash = "sha256:1bc473acbf1a1db4e72a1ce587be347450e8f08324908b8a266b486f408f04d5"},
    {file = "toolz-0.11.1.tar.gz", hash = "sha256:c7a47921f07822fe534fb1c01c9931ab335a4390c782bd28c6bcc7c2f71f3fbf"},
]
